{
  "name": "internship-defense-slides",
  "version": "0.1.0",
  "lockfileVersion": 3,
  "requires": true,
  "packages": {
    "": {
      "name": "internship-defense-slides",
      "version": "0.1.0",
      "devDependencies": {
        "lectern-editor": "2.1.0"
      }
    },
    "node_modules/lectern-editor": {
      "version": "2.1.0",
      "resolved": "https://registry.npmjs.org/lectern-editor/-/lectern-editor-2.1.0.tgz",
      "integrity": "sha512-EoO7HB0ZDfEXcY6t8rCpyk3/1Rd86eGlPVBvY0BoKb5zY6C8JXv1gX4/S68gTd9hF0ZnftcQ5Pb6Nqh6Y6Qz5w==",
      "dev": true,
      "license": "MIT",
      "bin": {
        "lectern": "cli/index.js"
      },
      "engines": {
        "node": ">=18"
      }
    }
  }
}
